
Microsoft Visual Studio Solution File, Format Version 12.00
# Visual Studio Version 17
VisualStudioVersion = 17.8.34525.116
MinimumVisualStudioVersion = 10.0.40219.1
Project("{FAE04EC0-301F-11D3-BF4B-00C04F79EFBC}") = "GlobalDataCenters", "GlobalDataCenters\GlobalDataCenters.csproj", "{24289D81-5901-4F83-BCF4-54945B3D71FD}"
EndProject
Global
	GlobalSection(SolutionConfigurationPlatforms) = preSolution
		Debug|ARM64 = Debug|ARM64
		Debug|x64 = Debug|x64
		Debug|x86 = Debug|x86
		Release|ARM64 = Release|ARM64
		Release|x64 = Release|x64
		Release|x86 = Release|x86
	EndGlobalSection
	GlobalSection(ProjectConfigurationPlatforms) = postSolution
		{24289D81-5901-4F83-BCF4-54945B3D71FD}.Debug|ARM64.ActiveCfg = Debug|ARM64
		{24289D81-5901-4F83-BCF4-54945B3D71FD}.Debug|ARM64.Build.0 = Debug|ARM64
		{24289D81-5901-4F83-BCF4-54945B3D71FD}.Debug|ARM64.Deploy.0 = Debug|ARM64
		{24289D81-5901-4F83-BCF4-54945B3D71FD}.Debug|x64.ActiveCfg = Debug|x64
		{24289D81-5901-4F83-BCF4-54945B3D71FD}.Debug|x64.Build.0 = Debug|x64
		{24289D81-5901-4F83-BCF4-54945B3D71FD}.Debug|x64.Deploy.0 = Debug|x64
		{24289D81-5901-4F83-BCF4-54945B3D71FD}.Debug|x86.ActiveCfg = Debug|x86
		{24289D81-5901-4F83-BCF4-54945B3D71FD}.Debug|x86.Build.0 = Debug|x86
		{24289D81-5901-4F83-BCF4-54945B3D71FD}.Debug|x86.Deploy.0 = Debug|x86
		{24289D81-5901-4F83-BCF4-54945B3D71FD}.Release|ARM64.ActiveCfg = Release|ARM64
		{24289D81-5901-4F83-BCF4-54945B3D71FD}.Release|ARM64.Build.0 = Release|ARM64
		{24289D81-5901-4F83-BCF4-54945B3D71FD}.Release|ARM64.Deploy.0 = Release|ARM64
		{24289D81-5901-4F83-BCF4-54945B3D71FD}.Release|x64.ActiveCfg = Release|x64
		{24289D81-5901-4F83-BCF4-54945B3D71FD}.Release|x64.Build.0 = Release|x64
		{24289D81-5901-4F83-BCF4-54945B3D71FD}.Release|x64.Deploy.0 = Release|x64
		{24289D81-5901-4F83-BCF4-54945B3D71FD}.Release|x86.ActiveCfg = Release|x86
		{24289D81-5901-4F83-BCF4-54945B3D71FD}.Release|x86.Build.0 = Release|x86
		{24289D81-5901-4F83-BCF4-54945B3D71FD}.Release|x86.Deploy.0 = Release|x86
	EndGlobalSection
	GlobalSection(SolutionProperties) = preSolution
		HideSolutionNode = FALSE
	EndGlobalSection
	GlobalSection(ExtensibilityGlobals) = postSolution
		SolutionGuid = {17D3A6E5-F059-4917-871F-4C0613B41A88}
	EndGlobalSection
EndGlobal
